
Microsoft Visual Studio Solution File, Format Version 12.00
# Visual Studio Version 17
VisualStudioVersion = 17.11.35222.181
MinimumVisualStudioVersion = 10.0.40219.1
Project("{9A19103F-16F7-4668-BE54-9A1E7A4F7556}") = "CandidateTest", "CandidateTest\CandidateTest.csproj", "{4D23995D-9464-496F-9830-D9460D8F58FF}"
EndProject
Project("{2150E333-8FDC-42A3-9474-1A3956D46DE8}") = "Src", "Src", "{73BF5AA9-01FB-44C7-B287-BFC0CAEF6294}"
EndProject
Project("{2150E333-8FDC-42A3-9474-1A3956D46DE8}") = "Api", "Api", "{54C20591-28C8-4233-9A3C-A67A2B237E6E}"
EndProject
Project("{2150E333-8FDC-42A3-9474-1A3956D46DE8}") = "Core", "Core", "{A4CC843B-5F8F-425C-AEBF-6BD193EB2B66}"
EndProject
Project("{2150E333-8FDC-42A3-9474-1A3956D46DE8}") = "Infrastructure", "Infrastructure", "{996E6572-7520-4AD0-9218-572D432D1BA9}"
EndProject
Project("{2150E333-8FDC-42A3-9474-1A3956D46DE8}") = "Migrators", "Migrators", "{5D568591-03AE-483B-9EBE-A68E378E65D1}"
EndProject
Project("{2150E333-8FDC-42A3-9474-1A3956D46DE8}") = "Test", "Test", "{D128958D-2620-4C96-B1D9-24FAC27A222C}"
EndProject
Project("{9A19103F-16F7-4668-BE54-9A1E7A4F7556}") = "Candidate.Application", "Candidate.Application\Candidate.Application.csproj", "{67C0DE18-3AD0-45AC-8EBB-CC42D589185C}"
EndProject
Project("{9A19103F-16F7-4668-BE54-9A1E7A4F7556}") = "Candidate.Domain", "Candidate.Domain\Candidate.Domain.csproj", "{F8450236-A8B7-440A-B4C0-7F4F1DD95483}"
EndProject
Project("{9A19103F-16F7-4668-BE54-9A1E7A4F7556}") = "Candidate.Infrastructure", "Candidate.Infrastructure\Candidate.Infrastructure.csproj", "{100DC61C-3160-4A84-83D6-62285EE8A6C5}"
EndProject
Project("{9A19103F-16F7-4668-BE54-9A1E7A4F7556}") = "Candidate.Helper", "Candidate.Helper\Candidate.Helper.csproj", "{D0A96AB1-D66C-4866-8389-BF7AC699A789}"
EndProject
Project("{9A19103F-16F7-4668-BE54-9A1E7A4F7556}") = "Candidate.Migrators.SQLServer", "Candidate.Migrators.SQLServer\Candidate.Migrators.SQLServer.csproj", "{554CD2F4-7B89-4743-91EC-F4D35D28BA5F}"
EndProject
Project("{9A19103F-16F7-4668-BE54-9A1E7A4F7556}") = "Candidate.Identity", "Candidate.Identity\Candidate.Identity.csproj", "{E5189A16-9C7A-4FE9-B023-F8BB69F52EC0}"
EndProject
Project("{9A19103F-16F7-4668-BE54-9A1E7A4F7556}") = "Candidate.Migrators.PostgresSQL", "Candidate.Migrators.PostgresSQL\Candidate.Migrators.PostgresSQL.csproj", "{6F1F5D8D-C858-47D4-A56E-C78C0397463C}"
EndProject
Project("{9A19103F-16F7-4668-BE54-9A1E7A4F7556}") = "CandidateWeb", "CandidateWeb\CandidateWeb.csproj", "{FE430705-84CF-4DE7-9FBE-34D9E83978A6}"
EndProject
Project("{FAE04EC0-301F-11D3-BF4B-00C04F79EFBC}") = "Candidate.Test", "Candidate.Test\Candidate.Test.csproj", "{E7A4B254-5A0C-453C-A0FE-1CA766097769}"
EndProject
Global
	GlobalSection(SolutionConfigurationPlatforms) = preSolution
		Debug|Any CPU = Debug|Any CPU
		Release|Any CPU = Release|Any CPU
	EndGlobalSection
	GlobalSection(ProjectConfigurationPlatforms) = postSolution
		{4D23995D-9464-496F-9830-D9460D8F58FF}.Debug|Any CPU.ActiveCfg = Debug|Any CPU
		{4D23995D-9464-496F-9830-D9460D8F58FF}.Debug|Any CPU.Build.0 = Debug|Any CPU
		{4D23995D-9464-496F-9830-D9460D8F58FF}.Release|Any CPU.ActiveCfg = Release|Any CPU
		{4D23995D-9464-496F-9830-D9460D8F58FF}.Release|Any CPU.Build.0 = Release|Any CPU
		{67C0DE18-3AD0-45AC-8EBB-CC42D589185C}.Debug|Any CPU.ActiveCfg = Debug|Any CPU
		{67C0DE18-3AD0-45AC-8EBB-CC42D589185C}.Debug|Any CPU.Build.0 = Debug|Any CPU
		{67C0DE18-3AD0-45AC-8EBB-CC42D589185C}.Release|Any CPU.ActiveCfg = Release|Any CPU
		{67C0DE18-3AD0-45AC-8EBB-CC42D589185C}.Release|Any CPU.Build.0 = Release|Any CPU
		{F8450236-A8B7-440A-B4C0-7F4F1DD95483}.Debug|Any CPU.ActiveCfg = Debug|Any CPU
		{F8450236-A8B7-440A-B4C0-7F4F1DD95483}.Debug|Any CPU.Build.0 = Debug|Any CPU
		{F8450236-A8B7-440A-B4C0-7F4F1DD95483}.Release|Any CPU.ActiveCfg = Release|Any CPU
		{F8450236-A8B7-440A-B4C0-7F4F1DD95483}.Release|Any CPU.Build.0 = Release|Any CPU
		{100DC61C-3160-4A84-83D6-62285EE8A6C5}.Debug|Any CPU.ActiveCfg = Debug|Any CPU
		{100DC61C-3160-4A84-83D6-62285EE8A6C5}.Debug|Any CPU.Build.0 = Debug|Any CPU
		{100DC61C-3160-4A84-83D6-62285EE8A6C5}.Release|Any CPU.ActiveCfg = Release|Any CPU
		{100DC61C-3160-4A84-83D6-62285EE8A6C5}.Release|Any CPU.Build.0 = Release|Any CPU
		{D0A96AB1-D66C-4866-8389-BF7AC699A789}.Debug|Any CPU.ActiveCfg = Debug|Any CPU
		{D0A96AB1-D66C-4866-8389-BF7AC699A789}.Debug|Any CPU.Build.0 = Debug|Any CPU
		{D0A96AB1-D66C-4866-8389-BF7AC699A789}.Release|Any CPU.ActiveCfg = Release|Any CPU
		{D0A96AB1-D66C-4866-8389-BF7AC699A789}.Release|Any CPU.Build.0 = Release|Any CPU
		{554CD2F4-7B89-4743-91EC-F4D35D28BA5F}.Debug|Any CPU.ActiveCfg = Debug|Any CPU
		{554CD2F4-7B89-4743-91EC-F4D35D28BA5F}.Debug|Any CPU.Build.0 = Debug|Any CPU
		{554CD2F4-7B89-4743-91EC-F4D35D28BA5F}.Release|Any CPU.ActiveCfg = Release|Any CPU
		{554CD2F4-7B89-4743-91EC-F4D35D28BA5F}.Release|Any CPU.Build.0 = Release|Any CPU
		{E5189A16-9C7A-4FE9-B023-F8BB69F52EC0}.Debug|Any CPU.ActiveCfg = Debug|Any CPU
		{E5189A16-9C7A-4FE9-B023-F8BB69F52EC0}.Debug|Any CPU.Build.0 = Debug|Any CPU
		{E5189A16-9C7A-4FE9-B023-F8BB69F52EC0}.Release|Any CPU.ActiveCfg = Release|Any CPU
		{E5189A16-9C7A-4FE9-B023-F8BB69F52EC0}.Release|Any CPU.Build.0 = Release|Any CPU
		{6F1F5D8D-C858-47D4-A56E-C78C0397463C}.Debug|Any CPU.ActiveCfg = Debug|Any CPU
		{6F1F5D8D-C858-47D4-A56E-C78C0397463C}.Debug|Any CPU.Build.0 = Debug|Any CPU
		{6F1F5D8D-C858-47D4-A56E-C78C0397463C}.Release|Any CPU.ActiveCfg = Release|Any CPU
		{6F1F5D8D-C858-47D4-A56E-C78C0397463C}.Release|Any CPU.Build.0 = Release|Any CPU
		{FE430705-84CF-4DE7-9FBE-34D9E83978A6}.Debug|Any CPU.ActiveCfg = Debug|Any CPU
		{FE430705-84CF-4DE7-9FBE-34D9E83978A6}.Debug|Any CPU.Build.0 = Debug|Any CPU
		{FE430705-84CF-4DE7-9FBE-34D9E83978A6}.Release|Any CPU.ActiveCfg = Release|Any CPU
		{FE430705-84CF-4DE7-9FBE-34D9E83978A6}.Release|Any CPU.Build.0 = Release|Any CPU
		{E7A4B254-5A0C-453C-A0FE-1CA766097769}.Debug|Any CPU.ActiveCfg = Debug|Any CPU
		{E7A4B254-5A0C-453C-A0FE-1CA766097769}.Debug|Any CPU.Build.0 = Debug|Any CPU
		{E7A4B254-5A0C-453C-A0FE-1CA766097769}.Release|Any CPU.ActiveCfg = Release|Any CPU
		{E7A4B254-5A0C-453C-A0FE-1CA766097769}.Release|Any CPU.Build.0 = Release|Any CPU
	EndGlobalSection
	GlobalSection(SolutionProperties) = preSolution
		HideSolutionNode = FALSE
	EndGlobalSection
	GlobalSection(NestedProjects) = preSolution
		{4D23995D-9464-496F-9830-D9460D8F58FF} = {54C20591-28C8-4233-9A3C-A67A2B237E6E}
		{54C20591-28C8-4233-9A3C-A67A2B237E6E} = {73BF5AA9-01FB-44C7-B287-BFC0CAEF6294}
		{A4CC843B-5F8F-425C-AEBF-6BD193EB2B66} = {73BF5AA9-01FB-44C7-B287-BFC0CAEF6294}
		{996E6572-7520-4AD0-9218-572D432D1BA9} = {73BF5AA9-01FB-44C7-B287-BFC0CAEF6294}
		{5D568591-03AE-483B-9EBE-A68E378E65D1} = {73BF5AA9-01FB-44C7-B287-BFC0CAEF6294}
		{D128958D-2620-4C96-B1D9-24FAC27A222C} = {73BF5AA9-01FB-44C7-B287-BFC0CAEF6294}
		{67C0DE18-3AD0-45AC-8EBB-CC42D589185C} = {A4CC843B-5F8F-425C-AEBF-6BD193EB2B66}
		{F8450236-A8B7-440A-B4C0-7F4F1DD95483} = {A4CC843B-5F8F-425C-AEBF-6BD193EB2B66}
		{100DC61C-3160-4A84-83D6-62285EE8A6C5} = {996E6572-7520-4AD0-9218-572D432D1BA9}
		{D0A96AB1-D66C-4866-8389-BF7AC699A789} = {996E6572-7520-4AD0-9218-572D432D1BA9}
		{554CD2F4-7B89-4743-91EC-F4D35D28BA5F} = {5D568591-03AE-483B-9EBE-A68E378E65D1}
		{E5189A16-9C7A-4FE9-B023-F8BB69F52EC0} = {996E6572-7520-4AD0-9218-572D432D1BA9}
		{6F1F5D8D-C858-47D4-A56E-C78C0397463C} = {5D568591-03AE-483B-9EBE-A68E378E65D1}
		{E7A4B254-5A0C-453C-A0FE-1CA766097769} = {D128958D-2620-4C96-B1D9-24FAC27A222C}
	EndGlobalSection
	GlobalSection(ExtensibilityGlobals) = postSolution
		SolutionGuid = {0527EDF7-6956-4FE3-ADF1-C14ED73C897D}
	EndGlobalSection
EndGlobal
